
Microsoft Visual Studio Solution File, Format Version 12.00
# Visual Studio 15
VisualStudioVersion = 15.0.27703.2018
MinimumVisualStudioVersion = 10.0.40219.1
Project("{FAE04EC0-301F-11D3-BF4B-00C04F79EFBC}") = "QuickOverview", "QuickOverview\QuickOverview.csproj", "{BC5F0547-6F4C-40AC-B139-CE43094B90EC}"
EndProject
Global
	GlobalSection(SolutionConfigurationPlatforms) = preSolution
		Debug|Any CPU = Debug|Any CPU
		Release|Any CPU = Release|Any CPU
	EndGlobalSection
	GlobalSection(ProjectConfigurationPlatforms) = postSolution
		{BC5F0547-6F4C-40AC-B139-CE43094B90EC}.Debug|Any CPU.ActiveCfg = Debug|Any CPU
		{BC5F0547-6F4C-40AC-B139-CE43094B90EC}.Debug|Any CPU.Build.0 = Debug|Any CPU
		{BC5F0547-6F4C-40AC-B139-CE43094B90EC}.Release|Any CPU.ActiveCfg = Release|Any CPU
		{BC5F0547-6F4C-40AC-B139-CE43094B90EC}.Release|Any CPU.Build.0 = Release|Any CPU
	EndGlobalSection
	GlobalSection(SolutionProperties) = preSolution
		HideSolutionNode = FALSE
	EndGlobalSection
	GlobalSection(ExtensibilityGlobals) = postSolution
		SolutionGuid = {8671CDD8-A903-488F-BC10-F552770FE4D7}
	EndGlobalSection
EndGlobal
