
Microsoft Visual Studio Solution File, Format Version 12.00
# Visual Studio 15
VisualStudioVersion = 15.0.27703.2018
MinimumVisualStudioVersion = 10.0.40219.1
Project("{FAE04EC0-301F-11D3-BF4B-00C04F79EFBC}") = "ClassLibrary1", "ClassLibrary1\ClassLibrary1.csproj", "{408D829B-0919-4B1D-B8DF-999EC3443576}"
EndProject
Global
	GlobalSection(SolutionConfigurationPlatforms) = preSolution
		Debug|Any CPU = Debug|Any CPU
		Release|Any CPU = Release|Any CPU
	EndGlobalSection
	GlobalSection(ProjectConfigurationPlatforms) = postSolution
		{408D829B-0919-4B1D-B8DF-999EC3443576}.Debug|Any CPU.ActiveCfg = Debug|Any CPU
		{408D829B-0919-4B1D-B8DF-999EC3443576}.Debug|Any CPU.Build.0 = Debug|Any CPU
		{408D829B-0919-4B1D-B8DF-999EC3443576}.Release|Any CPU.ActiveCfg = Release|Any CPU
		{408D829B-0919-4B1D-B8DF-999EC3443576}.Release|Any CPU.Build.0 = Release|Any CPU
	EndGlobalSection
	GlobalSection(SolutionProperties) = preSolution
		HideSolutionNode = FALSE
	EndGlobalSection
	GlobalSection(ExtensibilityGlobals) = postSolution
		SolutionGuid = {E1B718DE-21D5-414C-9428-FFDCF3330BCB}
	EndGlobalSection
EndGlobal
