
Microsoft Visual Studio Solution File, Format Version 12.00
# Visual Studio 15
VisualStudioVersion = 15.0.27703.2018
MinimumVisualStudioVersion = 10.0.40219.1
Project("{9A19103F-16F7-4668-BE54-9A1E7A4F7556}") = "TodoApi", "TodoApi\TodoApi.csproj", "{A7F29450-4281-425C-9141-ED2D768E44C4}"
EndProject
Global
	GlobalSection(SolutionConfigurationPlatforms) = preSolution
		Debug|Any CPU = Debug|Any CPU
		Release|Any CPU = Release|Any CPU
	EndGlobalSection
	GlobalSection(ProjectConfigurationPlatforms) = postSolution
		{A7F29450-4281-425C-9141-ED2D768E44C4}.Debug|Any CPU.ActiveCfg = Debug|Any CPU
		{A7F29450-4281-425C-9141-ED2D768E44C4}.Debug|Any CPU.Build.0 = Debug|Any CPU
		{A7F29450-4281-425C-9141-ED2D768E44C4}.Release|Any CPU.ActiveCfg = Release|Any CPU
		{A7F29450-4281-425C-9141-ED2D768E44C4}.Release|Any CPU.Build.0 = Release|Any CPU
	EndGlobalSection
	GlobalSection(SolutionProperties) = preSolution
		HideSolutionNode = FALSE
	EndGlobalSection
	GlobalSection(ExtensibilityGlobals) = postSolution
		SolutionGuid = {EEF33871-AD48-44CA-A8AB-8C649EA1DF31}
	EndGlobalSection
EndGlobal
